{
  "name": "com.telerik.plugins.healthkit",
  "version": "0.5.6",
  "lockfileVersion": 1,
  "requires": true,
  "dependencies": {
    "base64-js": {
      "version": "1.1.2",
      "resolved": "https://registry.npmjs.org/base64-js/-/base64-js-1.1.2.tgz",
      "integrity": "sha1-1kAMrBxMZgl22Q0HoENR2JOV9eg="
    },
    "big-integer": {
      "version": "1.6.40",
      "resolved": "https://registry.npmjs.org/big-integer/-/big-integer-1.6.40.tgz",
      "integrity": "sha512-CjhtJp0BViLzP1ZkEnoywjgtFQXS2pomKjAJtIISTCnuHILkLcAXLdFLG/nxsHc4s9kJfc+82Xpg8WNyhfACzQ=="
    },
    "bplist-creator": {
      "version": "0.0.7",
      "resolved": "https://registry.npmjs.org/bplist-creator/-/bplist-creator-0.0.7.tgz",
      "integrity": "sha1-N98VNgkoJLh8QvlXsBNEEXNyrkU=",
      "requires": {
        "stream-buffers": "~2.2.0"
      }
    },
    "bplist-parser": {
      "version": "0.1.1",
      "resolved": "https://registry.npmjs.org/bplist-parser/-/bplist-parser-0.1.1.tgz",
      "integrity": "sha1-1g1dzCDLptx+HymbNdPh+V2vuuY=",
      "requires": {
        "big-integer": "^1.6.7"
      }
    },
    "pegjs": {
      "version": "0.10.0",
      "resolved": "http://registry.npmjs.org/pegjs/-/pegjs-0.10.0.tgz",
      "integrity": "sha1-z4uvrm7d/0tafvsYUmnqr0YQ3b0="
    },
    "plist": {
      "version": "2.0.1",
      "resolved": "https://registry.npmjs.org/plist/-/plist-2.0.1.tgz",
      "integrity": "sha1-CjLKlIGxw2TpLhjcVch23p0B2os=",
      "requires": {
        "base64-js": "1.1.2",
        "xmlbuilder": "8.2.2",
        "xmldom": "0.1.x"
      }
    },
    "simple-plist": {
      "version": "0.2.1",
      "resolved": "https://registry.npmjs.org/simple-plist/-/simple-plist-0.2.1.tgz",
      "integrity": "sha1-cXZts1IyaSjPOoByQrp2IyJjZyM=",
      "requires": {
        "bplist-creator": "0.0.7",
        "bplist-parser": "0.1.1",
        "plist": "2.0.1"
      }
    },
    "stream-buffers": {
      "version": "2.2.0",
      "resolved": "https://registry.npmjs.org/stream-buffers/-/stream-buffers-2.2.0.tgz",
      "integrity": "sha1-kdX1Ew0c75bc+n9yaUUYh0HQnuQ="
    },
    "uuid": {
      "version": "3.0.1",
      "resolved": "http://registry.npmjs.org/uuid/-/uuid-3.0.1.tgz",
      "integrity": "sha1-ZUS7ot/ajBzxfmKaOjBeK7H+5sE="
    },
    "xcode": {
      "version": "1.0.0",
      "resolved": "https://registry.npmjs.org/xcode/-/xcode-1.0.0.tgz",
      "integrity": "sha1-4fWxRDJF3tOMGAeW3xoQ/e2ghOw=",
      "requires": {
        "pegjs": "^0.10.0",
        "simple-plist": "^0.2.1",
        "uuid": "3.0.1"
      }
    },
    "xmlbuilder": {
      "version": "8.2.2",
      "resolved": "http://registry.npmjs.org/xmlbuilder/-/xmlbuilder-8.2.2.tgz",
      "integrity": "sha1-aSSGc0ELS6QuGmE2VR0pIjNap3M="
    },
    "xmldom": {
      "version": "0.1.27",
      "resolved": "https://registry.npmjs.org/xmldom/-/xmldom-0.1.27.tgz",
      "integrity": "sha1-1QH5ezvbQDr4757MIFcxh6rawOk="
    }
  }
}
